
Microsoft Visual Studio Solution File, Format Version 12.00
# Visual Studio Version 16
VisualStudioVersion = 16.0.29519.181
MinimumVisualStudioVersion = 10.0.40219.1
Project("{FAE04EC0-301F-11D3-BF4B-00C04F79EFBC}") = "ConsoleApp2", "ConsoleApp2\ConsoleApp2.csproj", "{7C43FB1E-AE91-48A8-B4CE-B7B102C981ED}"
EndProject
Global
	GlobalSection(SolutionConfigurationPlatforms) = preSolution
		Debug|Any CPU = Debug|Any CPU
		Release|Any CPU = Release|Any CPU
	EndGlobalSection
	GlobalSection(ProjectConfigurationPlatforms) = postSolution
		{7C43FB1E-AE91-48A8-B4CE-B7B102C981ED}.Debug|Any CPU.ActiveCfg = Debug|Any CPU
		{7C43FB1E-AE91-48A8-B4CE-B7B102C981ED}.Debug|Any CPU.Build.0 = Debug|Any CPU
		{7C43FB1E-AE91-48A8-B4CE-B7B102C981ED}.Release|Any CPU.ActiveCfg = Release|Any CPU
		{7C43FB1E-AE91-48A8-B4CE-B7B102C981ED}.Release|Any CPU.Build.0 = Release|Any CPU
	EndGlobalSection
	GlobalSection(SolutionProperties) = preSolution
		HideSolutionNode = FALSE
	EndGlobalSection
	GlobalSection(ExtensibilityGlobals) = postSolution
		SolutionGuid = {AA7716A7-EF41-480D-A6B9-10859D3535F9}
	EndGlobalSection
EndGlobal
